{
  "contracts/lib/chainlink-brownie-contracts": {
    "rev": "6e324d8ad9fbb5519186ad9f1eaf99704de4c915"
  },
  "contracts/lib/solady": {
    "rev": "90db92ce173856605d24a554969f2c67cadbc7e9"
  },
  "standards/ercs": {
    "rev": "c6d2d5e3ac261769cec2fb49b3e382fe2bf21e88"
  },
  "standards/mpp-specs": {
    "rev": "0c438bdd24b831abafc22b2a99f7562e414dcf4f"
  },
  "standards/permit2": {
    "rev": "cc56ad0f3439c502c246fc5cfcc3db92bb8b7219"
  },
  "standards/x402": {
    "rev": "b054f423400f0b972dbd9032120f172350110a59"
  }
}